GEM
  remote: http://rubygems.org/
  specs:
    dalli (1.0.2)
    json (1.5.1)
    kgio (2.3.2)
    rack (1.2.1)
    shotgun (0.8)
      rack (>= 1.0)
    sinatra (1.1.2)
      rack (~> 1.1)
      tilt (~> 1.2)
    tilt (1.2.2)
    unicorn (3.4.0)
      kgio (~> 2.2)
      rack

PLATFORMS
  ruby

DEPENDENCIES
  dalli
  json
  shotgun
  sinatra
  unicorn
